
Microsoft Visual Studio Solution File, Format Version 12.00
# Visual Studio 15
VisualStudioVersion = 15.0.28307.329
MinimumVisualStudioVersion = 10.0.40219.1
Project("{FAE04EC0-301F-11D3-BF4B-00C04F79EFBC}") = "EventFinder", "EventFinder\EventFinder.csproj", "{36E134C0-5B86-418D-B42D-65B6C38DE1ED}"
EndProject
Global
	GlobalSection(SolutionConfigurationPlatforms) = preSolution
		Debug|Any CPU = Debug|Any CPU
		Release|Any CPU = Release|Any CPU
	EndGlobalSection
	GlobalSection(ProjectConfigurationPlatforms) = postSolution
		{36E134C0-5B86-418D-B42D-65B6C38DE1ED}.Debug|Any CPU.ActiveCfg = Debug|Any CPU
		{36E134C0-5B86-418D-B42D-65B6C38DE1ED}.Debug|Any CPU.Build.0 = Debug|Any CPU
		{36E134C0-5B86-418D-B42D-65B6C38DE1ED}.Release|Any CPU.ActiveCfg = Release|Any CPU
		{36E134C0-5B86-418D-B42D-65B6C38DE1ED}.Release|Any CPU.Build.0 = Release|Any CPU
	EndGlobalSection
	GlobalSection(SolutionProperties) = preSolution
		HideSolutionNode = FALSE
	EndGlobalSection
	GlobalSection(ExtensibilityGlobals) = postSolution
		SolutionGuid = {E9386A7E-FD13-4BBD-A686-1721B28B9736}
	EndGlobalSection
EndGlobal
